
Microsoft Visual Studio Solution File, Format Version 12.00
# Visual Studio Version 16
VisualStudioVersion = 16.0.30104.148
MinimumVisualStudioVersion = 10.0.40219.1
Project("{FAE04EC0-301F-11D3-BF4B-00C04F79EFBC}") = "AlteredCarbon", "AlteredCarbon\AlteredCarbon.csproj", "{7AA8C8E3-D3ED-4AB5-A597-834A453DE555}"
EndProject
Global
	GlobalSection(SolutionConfigurationPlatforms) = preSolution
		Debug|Any CPU = Debug|Any CPU
		Release|Any CPU = Release|Any CPU
	EndGlobalSection
	GlobalSection(ProjectConfigurationPlatforms) = postSolution
		{7AA8C8E3-D3ED-4AB5-A597-834A453DE555}.Debug|Any CPU.ActiveCfg = Debug|Any CPU
		{7AA8C8E3-D3ED-4AB5-A597-834A453DE555}.Debug|Any CPU.Build.0 = Debug|Any CPU
		{7AA8C8E3-D3ED-4AB5-A597-834A453DE555}.Release|Any CPU.ActiveCfg = Release|Any CPU
		{7AA8C8E3-D3ED-4AB5-A597-834A453DE555}.Release|Any CPU.Build.0 = Release|Any CPU
	EndGlobalSection
	GlobalSection(SolutionProperties) = preSolution
		HideSolutionNode = FALSE
	EndGlobalSection
	GlobalSection(ExtensibilityGlobals) = postSolution
		SolutionGuid = {C83B7985-D2CD-490D-A724-D398BBC04324}
	EndGlobalSection
EndGlobal
